
Microsoft Visual Studio Solution File, Format Version 12.00
# Visual Studio Version 16
VisualStudioVersion = 16.0.31321.278
MinimumVisualStudioVersion = 10.0.40219.1
Project("{FAE04EC0-301F-11D3-BF4B-00C04F79EFBC}") = "ExamenUnidad1", "ExamenUnidad1\ExamenUnidad1.csproj", "{B98EEBED-D419-40FD-9590-F699D4908DF6}"
EndProject
Global
	GlobalSection(SolutionConfigurationPlatforms) = preSolution
		Debug|Any CPU = Debug|Any CPU
		Release|Any CPU = Release|Any CPU
	EndGlobalSection
	GlobalSection(ProjectConfigurationPlatforms) = postSolution
		{B98EEBED-D419-40FD-9590-F699D4908DF6}.Debug|Any CPU.ActiveCfg = Debug|Any CPU
		{B98EEBED-D419-40FD-9590-F699D4908DF6}.Debug|Any CPU.Build.0 = Debug|Any CPU
		{B98EEBED-D419-40FD-9590-F699D4908DF6}.Release|Any CPU.ActiveCfg = Release|Any CPU
		{B98EEBED-D419-40FD-9590-F699D4908DF6}.Release|Any CPU.Build.0 = Release|Any CPU
	EndGlobalSection
	GlobalSection(SolutionProperties) = preSolution
		HideSolutionNode = FALSE
	EndGlobalSection
	GlobalSection(ExtensibilityGlobals) = postSolution
		SolutionGuid = {FE2EF1DA-F404-4522-966F-A3F28D968C8B}
	EndGlobalSection
EndGlobal
