
Microsoft Visual Studio Solution File, Format Version 12.00
# Visual Studio Version 16
VisualStudioVersion = 16.0.31321.278
MinimumVisualStudioVersion = 10.0.40219.1
Project("{FAE04EC0-301F-11D3-BF4B-00C04F79EFBC}") = "Ej_Grafos", "Ej_Grafos\Ej_Grafos.csproj", "{0487C5EF-94BE-40C2-81D4-35514C8E20CF}"
EndProject
Global
	GlobalSection(SolutionConfigurationPlatforms) = preSolution
		Debug|Any CPU = Debug|Any CPU
		Release|Any CPU = Release|Any CPU
	EndGlobalSection
	GlobalSection(ProjectConfigurationPlatforms) = postSolution
		{0487C5EF-94BE-40C2-81D4-35514C8E20CF}.Debug|Any CPU.ActiveCfg = Debug|Any CPU
		{0487C5EF-94BE-40C2-81D4-35514C8E20CF}.Debug|Any CPU.Build.0 = Debug|Any CPU
		{0487C5EF-94BE-40C2-81D4-35514C8E20CF}.Release|Any CPU.ActiveCfg = Release|Any CPU
		{0487C5EF-94BE-40C2-81D4-35514C8E20CF}.Release|Any CPU.Build.0 = Release|Any CPU
	EndGlobalSection
	GlobalSection(SolutionProperties) = preSolution
		HideSolutionNode = FALSE
	EndGlobalSection
	GlobalSection(ExtensibilityGlobals) = postSolution
		SolutionGuid = {F70F43E7-87F6-48C5-BE6C-158E8855D3CC}
	EndGlobalSection
EndGlobal
